
Microsoft Visual Studio Solution File, Format Version 12.00
# Visual Studio Version 17
VisualStudioVersion = 17.12.35209.166
MinimumVisualStudioVersion = 10.0.40219.1
Project("{FAE04EC0-301F-11D3-BF4B-00C04F79EFBC}") = "Lab_2", "Lab_2.csproj", "{7406107E-1A93-40BC-A527-A88629D08B3B}"
EndProject
Global
	GlobalSection(SolutionConfigurationPlatforms) = preSolution
		Debug|Any CPU = Debug|Any CPU
		Release|Any CPU = Release|Any CPU
	EndGlobalSection
	GlobalSection(ProjectConfigurationPlatforms) = postSolution
		{7406107E-1A93-40BC-A527-A88629D08B3B}.Debug|Any CPU.ActiveCfg = Debug|Any CPU
		{7406107E-1A93-40BC-A527-A88629D08B3B}.Debug|Any CPU.Build.0 = Debug|Any CPU
		{7406107E-1A93-40BC-A527-A88629D08B3B}.Release|Any CPU.ActiveCfg = Release|Any CPU
		{7406107E-1A93-40BC-A527-A88629D08B3B}.Release|Any CPU.Build.0 = Release|Any CPU
	EndGlobalSection
	GlobalSection(SolutionProperties) = preSolution
		HideSolutionNode = FALSE
	EndGlobalSection
	GlobalSection(ExtensibilityGlobals) = postSolution
		SolutionGuid = {15BD3712-5251-4388-B7AB-ED3F84DF2218}
	EndGlobalSection
EndGlobal
